sonata_block:
    default_contexts: [cms]
    blocks:
        sonata.admin.block.admin_list:
            contexts:   [admin]
        sonata.user.block.menu:    # used to display the menu in profile pages
            contexts: [user]
        sonata.user.block.account: # used to display menu option (login option)
            contexts: [user]
        sonata.block.service.text:
        sonata.block.service.rss:
        sonata.news.block.recent_posts:
